// !$*UTF8*$!
{
	archiveVersion = 1;
	classes = {
	};
	objectVersion = 46;
	objects = {

/* Begin PBXBuildFile section */
		7CE2CB0C1CA0952A0098AF0F /* main.m in Sources */ = {isa = PBXBuildFile; fileRef = 7CE2CB0B1CA0952A0098AF0F /* main.m */; };
		7CE2CB0F1CA0952A0098AF0F /* AppDelegate.m in Sources */ = {isa = PBXBuildFile; fileRef = 7CE2CB0E1CA0952A0098AF0F /* AppDelegate.m */; };
		7CE2CB151CA0952A0098AF0F /* Main.storyboard in Resources */ = {isa = PBXBuildFile; fileRef = 7CE2CB131CA0952A0098AF0F /* Main.storyboard */; };
		7CE2CB171CA0952A0098AF0F /* Assets.xcassets in Resources */ = {isa = PBXBuildFile; fileRef = 7CE2CB161CA0952A0098AF0F /* Assets.xcassets */; };
		7CE2CB1A1CA0952A0098AF0F /* LaunchScreen.storyboard in Resources */ = {isa = PBXBuildFile; fileRef = 7CE2CB181CA0952A0098AF0F /* LaunchScreen.storyboard */; };
		7CE2CB231CA095830098AF0F /* MainViewController.m in Sources */ = {isa = PBXBuildFile; fileRef = 7CE2CB221CA095830098AF0F /* MainViewController.m */; };
/* End PBXBuildFile section */

/* Begin PBXFileReference section */
		7CE2CB071CA0952A0098AF0F /* deprocrastinator.app */ = {isa = PBXFileReference; explicitFileType = wrapper.application; includeInIndex = 0; path = deprocrastinator.app; sourceTree = BUILT_PRODUCTS_DIR; };
		7CE2CB0B1CA0952A0098AF0F /* main.m */ = {isa = PBXFileReference; lastKnownFileType = sourcecode.c.objc; path = main.m; sourceTree = "<group>"; };
		7CE2CB0D1CA0952A0098AF0F /* AppDelegate.h */ = {isa = PBXFileReference; lastKnownFileType = sourcecode.c.h; path = AppDelegate.h; sourceTree = "<group>"; };
		7CE2CB0E1CA0952A0098AF0F /* AppDelegate.m */ = {isa = PBXFileReference; lastKnownFileType = sourcecode.c.objc; path = AppDelegate.m; sourceTree = "<group>"; };
		7CE2CB141CA0952A0098AF0F /* Base */ = {isa = PBXFileReference; lastKnownFileType = file.storyboard; name = Base; path = Base.lproj/Main.storyboard; sourceTree = "<group>"; };
		7CE2CB161CA0952A0098AF0F /* Assets.xcassets */ = {isa = PBXFileReference; lastKnownFileType = folder.assetcatalog; path = Assets.xcassets; sourceTree = "<group>"; };
		7CE2CB191CA0952A0098AF0F /* Base */ = {isa = PBXFileReference; lastKnownFileType = file.storyboard; name = Base; path = Base.lproj/LaunchScreen.storyboard; sourceTree = "<group>"; };
		7CE2CB1B1CA0952A0098AF0F /* Info.plist */ = {isa = PBXFileReference; lastKnownFileType = text.plist.xml; path = Info.plist; sourceTree = "<group>"; };
		7CE2CB211CA095830098AF0F /* MainViewController.h */ = {isa = PBXFileReference; fileEncoding = 4; lastKnownFileType = sourcecode.c.h; path = MainViewController.h; sourceTree = "<group>"; };
		7CE2CB221CA095830098AF0F /* MainViewController.m */ = {isa = PBXFileReference; fileEncoding = 4; lastKnownFileType = sourcecode.c.objc; path = MainViewController.m; sourceTree = "<group>"; };
/* End PBXFileReference section */

/* Begin PBXFrameworksBuildPhase section */
		7CE2CB041CA0952A0098AF0F /* Frameworks */ = {
			isa = PBXFrameworksBuildPhase;
			buildActionMask = 2147483647;
			files = (
			);
			runOnlyForDeploymentPostprocessing = 0;
		};
/* End PBXFrameworksBuildPhase section */

/* Begin PBXGroup section */
		7CE2CAFE1CA0952A0098AF0F = {
			isa = PBXGroup;
			children = (
				7CE2CB091CA0952A0098AF0F /* deprocrastinator */,
				7CE2CB081CA0952A0098AF0F /* Products */,
			);
			sourceTree = "<group>";
		};
		7CE2CB081CA0952A0098AF0F /* Products */ = {
			isa = PBXGroup;
			children = (
				7CE2CB071CA0952A0098AF0F /* deprocrastinator.app */,
			);
			name = Products;
			sourceTree = "<group>";
		};
		7CE2CB091CA0952A0098AF0F /* deprocrastinator */ = {
			isa = PBXGroup;
			children = (
				7CE2CB0D1CA0952A0098AF0F /* AppDelegate.h */,
				7CE2CB0E1CA0952A0098AF0F /* AppDelegate.m */,
				7CE2CB131CA0952A0098AF0F /* Main.storyboard */,
				7CE2CB211CA095830098AF0F /* MainViewController.h */,
				7CE2CB221CA095830098AF0F /* MainViewController.m */,
				7CE2CB161CA0952A0098AF0F /* Assets.xcassets */,
				7CE2CB181CA0952A0098AF0F /* LaunchScreen.storyboard */,
				7CE2CB1B1CA0952A0098AF0F /* Info.plist */,
				7CE2CB0A1CA0952A0098AF0F /* Supporting Files */,
			);
			path = deprocrastinator;
			sourceTree = "<group>";
		};
		7CE2CB0A1CA0952A0098AF0F /* Supporting Files */ = {
			isa = PBXGroup;
			children = (
				7CE2CB0B1CA0952A0098AF0F /* main.m */,
			);
			name = "Supporting Files";
			sourceTree = "<group>";
		};
/* End PBXGroup section */

/* Begin PBXNativeTarget section */
		7CE2CB061CA0952A0098AF0F /* deprocrastinator */ = {
			isa = PBXNativeTarget;
			buildConfigurationList = 7CE2CB1E1CA0952A0098AF0F /* Build configuration list for PBXNativeTarget "deprocrastinator" */;
			buildPhases = (
				7CE2CB031CA0952A0098AF0F /* Sources */,
				7CE2CB041CA0952A0098AF0F /* Frameworks */,
				7CE2CB051CA0952A0098AF0F /* Resources */,
			);
			buildRules = (
			);
			dependencies = (
			);
			name = deprocrastinator;
			productName = deprocrastinator;
			productReference = 7CE2CB071CA0952A0098AF0F /* deprocrastinator.app */;
			productType = "com.apple.product-type.application";
		};
/* End PBXNativeTarget section */

/* Begin PBXProject section */
		7CE2CAFF1CA0952A0098AF0F /* Project object */ = {
			isa = PBXProject;
			attributes = {
				LastUpgradeCheck = 0720;
				ORGANIZATIONNAME = "Kevin Kim";
				TargetAttributes = {
					7CE2CB061CA0952A0098AF0F = {
						CreatedOnToolsVersion = 7.2;
					};
				};
			};
			buildConfigurationList = 7CE2CB021CA0952A0098AF0F /* Build configuration list for PBXProject "deprocrastinator" */;
			compatibilityVersion = "Xcode 3.2";
			developmentRegion = English;
			hasScannedForEncodings = 0;
			knownRegions = (
				en,
				Base,
			);
			mainGroup = 7CE2CAFE1CA0952A0098AF0F;
			productRefGroup = 7CE2CB081CA0952A0098AF0F /* Products */;
			projectDirPath = "";
			projectRoot = "";
			targets = (
				7CE2CB061CA0952A0098AF0F /* deprocrastinator */,
			);
		};
/* End PBXProject section */

/* Begin PBXResourcesBuildPhase section */
		7CE2CB051CA0952A0098AF0F /* Resources */ = {
			isa = PBXResourcesBuildPhase;
			buildActionMask = 2147483647;
			files = (
				7CE2CB1A1CA0952A0098AF0F /* LaunchScreen.storyboard in Resources */,
				7CE2CB171CA0952A0098AF0F /* Assets.xcassets in Resources */,
				7CE2CB151CA0952A0098AF0F /* Main.storyboard in Resources */,
			);
			runOnlyForDeploymentPostprocessing = 0;
		};
/* End PBXResourcesBuildPhase section */

/* Begin PBXSourcesBuildPhase section */
		7CE2CB031CA0952A0098AF0F /* Sources */ = {
			isa = PBXSourcesBuildPhase;
			buildActionMask = 2147483647;
			files = (
				7CE2CB0F1CA0952A0098AF0F /* AppDelegate.m in Sources */,
				7CE2CB231CA095830098AF0F /* MainViewController.m in Sources */,
				7CE2CB0C1CA0952A0098AF0F /* main.m in Sources */,
			);
			runOnlyForDeploymentPostprocessing = 0;
		};
/* End PBXSourcesBuildPhase section */

/* Begin PBXVariantGroup section */
		7CE2CB131CA0952A0098AF0F /* Main.storyboard */ = {
			isa = PBXVariantGroup;
			children = (
				7CE2CB141CA0952A0098AF0F /* Base */,
			);
			name = Main.storyboard;
			sourceTree = "<group>";
		};
		7CE2CB181CA0952A0098AF0F /* LaunchScreen.storyboard */ = {
			isa = PBXVariantGroup;
			children = (
				7CE2CB191CA0952A0098AF0F /* Base */,
			);
			name = LaunchScreen.storyboard;
			sourceTree = "<group>";
		};
/* End PBXVariantGroup section */

/* Begin XCBuildConfiguration section */
		7CE2CB1C1CA0952A0098AF0F /* Debug */ = {
			isa = XCBuildConfiguration;
			buildSettings = {
				ALWAYS_SEARCH_USER_PATHS = NO;
				CLANG_CXX_LANGUAGE_STANDARD = "gnu++0x";
				CLANG_CXX_LIBRARY = "libc++";
				CLANG_ENABLE_MODULES = YES;
				CLANG_ENABLE_OBJC_ARC = YES;
				CLANG_WARN_BOOL_CONVERSION = YES;
				CLANG_WARN_CONSTANT_CONVERSION = YES;
				CLANG_WARN_DIRECT_OBJC_ISA_USAGE = YES_ERROR;
				CLANG_WARN_EMPTY_BODY = YES;
				CLANG_WARN_ENUM_CONVERSION = YES;
				CLANG_WARN_INT_CONVERSION = YES;
				CLANG_WARN_OBJC_ROOT_CLASS = YES_ERROR;
				CLANG_WARN_UNREACHABLE_CODE = YES;
				CLANG_WARN__DUPLICATE_METHOD_MATCH = YES;
				"CODE_SIGN_IDENTITY[sdk=iphoneos*]" = "iPhone Developer";
				COPY_PHASE_STRIP = NO;
				DEBUG_INFORMATION_FORMAT = dwarf;
				ENABLE_STRICT_OBJC_MSGSEND = YES;
				ENABLE_TESTABILITY = YES;
				GCC_C_LANGUAGE_STANDARD = gnu99;
				GCC_DYNAMIC_NO_PIC = NO;
				GCC_NO_COMMON_BLOCKS = YES;
				GCC_OPTIMIZATION_LEVEL = 0;
				GCC_PREPROCESSOR_DEFINITIONS = (
					"DEBUG=1",
					"$(inherited)",
				);
				GCC_WARN_64_TO_32_BIT_CONVERSION = YES;
				GCC_WARN_ABOUT_RETURN_TYPE = YES_ERROR;
				GCC_WARN_UNDECLARED_SELECTOR = YES;
				GCC_WARN_UNINITIALIZED_AUTOS = YES_AGGRESSIVE;
				GCC_WARN_UNUSED_FUNCTION = YES;
				GCC_WARN_UNUSED_VARIABLE = YES;
				IPHONEOS_DEPLOYMENT_TARGET = 9.2;
				MTL_ENABLE_DEBUG_INFO = YES;
				ONLY_ACTIVE_ARCH = YES;
				SDKROOT = iphoneos;
			};
			name = Debug;
		};
		7CE2CB1D1CA0952A0098AF0F /* Release */ = {
			isa = XCBuildConfiguration;
			buildSettings = {
				ALWAYS_SEARCH_USER_PATHS = NO;
				CLANG_CXX_LANGUAGE_STANDARD = "gnu++0x";
				CLANG_CXX_LIBRARY = "libc++";
				CLANG_ENABLE_MODULES = YES;
				CLANG_ENABLE_OBJC_ARC = YES;
				CLANG_WARN_BOOL_CONVERSION = YES;
				CLANG_WARN_CONSTANT_CONVERSION = YES;
				CLANG_WARN_DIRECT_OBJC_ISA_USAGE = YES_ERROR;
				CLANG_WARN_EMPTY_BODY = YES;
				CLANG_WARN_ENUM_CONVERSION = YES;
				CLANG_WARN_INT_CONVERSION = YES;
				CLANG_WARN_OBJC_ROOT_CLASS = YES_ERROR;
				CLANG_WARN_UNREACHABLE_CODE = YES;
				CLANG_WARN__DUPLICATE_METHOD_MATCH = YES;
				"CODE_SIGN_IDENTITY[sdk=iphoneos*]" = "iPhone Developer";
				COPY_PHASE_STRIP = NO;
				DEBUG_INFORMATION_FORMAT = "dwarf-with-dsym";
				ENABLE_NS_ASSERTIONS = NO;
				ENABLE_STRICT_OBJC_MSGSEND = YES;
				GCC_C_LANGUAGE_STANDARD = gnu99;
				GCC_NO_COMMON_BLOCKS = YES;
				GCC_WARN_64_TO_32_BIT_CONVERSION = YES;
				GCC_WARN_ABOUT_RETURN_TYPE = YES_ERROR;
				GCC_WARN_UNDECLARED_SELECTOR = YES;
				GCC_WARN_UNINITIALIZED_AUTOS = YES_AGGRESSIVE;
				GCC_WARN_UNUSED_FUNCTION = YES;
				GCC_WARN_UNUSED_VARIABLE = YES;
				IPHONEOS_DEPLOYMENT_TARGET = 9.2;
				MTL_ENABLE_DEBUG_INFO = NO;
				SDKROOT = iphoneos;
				VALIDATE_PRODUCT = YES;
			};
			name = Release;
		};
		7CE2CB1F1CA0952A0098AF0F /* Debug */ = {
			isa = XCBuildConfiguration;
			buildSettings = {
				ASSETCATALOG_COMPILER_APPICON_NAME = AppIcon;
				INFOPLIST_FILE = deprocrastinator/Info.plist;
				LD_RUNPATH_SEARCH_PATHS = "$(inherited) @executable_path/Frameworks";
				PRODUCT_BUNDLE_IDENTIFIER = com.manta.deprocrastinator;
				PRODUCT_NAME = "$(TARGET_NAME)";
			};
			name = Debug;
		};
		7CE2CB201CA0952A0098AF0F /* Release */ = {
			isa = XCBuildConfiguration;
			buildSettings = {
				ASSETCATALOG_COMPILER_APPICON_NAME = AppIcon;
				INFOPLIST_FILE = deprocrastinator/Info.plist;
				LD_RUNPATH_SEARCH_PATHS = "$(inherited) @executable_path/Frameworks";
				PRODUCT_BUNDLE_IDENTIFIER = com.manta.deprocrastinator;
				PRODUCT_NAME = "$(TARGET_NAME)";
			};
			name = Release;
		};
/* End XCBuildConfiguration section */

/* Begin XCConfigurationList section */
		7CE2CB021CA0952A0098AF0F /* Build configuration list for PBXProject "deprocrastinator" */ = {
			isa = XCConfigurationList;
			buildConfigurations = (
				7CE2CB1C1CA0952A0098AF0F /* Debug */,
				7CE2CB1D1CA0952A0098AF0F /* Release */,
			);
			defaultConfigurationIsVisible = 0;
			defaultConfigurationName = Release;
		};
		7CE2CB1E1CA0952A0098AF0F /* Build configuration list for PBXNativeTarget "deprocrastinator" */ = {
			isa = XCConfigurationList;
			buildConfigurations = (
				7CE2CB1F1CA0952A0098AF0F /* Debug */,
				7CE2CB201CA0952A0098AF0F /* Release */,
			);
			defaultConfigurationIsVisible = 0;
		};
/* End XCConfigurationList section */
	};
	rootObject = 7CE2CAFF1CA0952A0098AF0F /* Project object */;
}
